PODS:
  - ZypeAppleTVBase (0.4.9)

DEPENDENCIES:
  - ZypeAppleTVBase (from `https://github.com/zype/ZypeAppleTVBase.git`, tag `0.4.9`)

EXTERNAL SOURCES:
  ZypeAppleTVBase:
    :git: https://github.com/zype/ZypeAppleTVBase.git
    :tag: 0.4.9

CHECKOUT OPTIONS:
  ZypeAppleTVBase:
    :git: https://github.com/zype/ZypeAppleTVBase.git
    :tag: 0.4.9

SPEC CHECKSUMS:
  ZypeAppleTVBase: 1e7cce83e0032a938a536898a2921e5fdc5d8586

PODFILE CHECKSUM: 6073496b7171f8a373ef6cf9ae3ef44724363660

COCOAPODS: 1.2.1
